<?xml version="1.0" encoding="utf-8"?>
<Project ToolsVersion="4.0" xmlns="http://schemas.microsoft.com/developer/msbuild/2003">
  <ItemGroup>
    <Filter Include="Source Files">
      <UniqueIdentifier>{4FC737F1-C7A5-4376-A066-2A32D752A2FF}</UniqueIdentifier>
      <Extensions>cpp;c;cc;cxx;def;odl;idl;hpj;bat;asm;asmx</Extensions>
    </Filter>
    <Filter Include="Header Files">
      <UniqueIdentifier>{93995380-89BD-4b04-88EB-625FBE52EBFB}</UniqueIdentifier>
      <Extensions>h;hpp;hxx;hm;inl;inc;xsd</Extensions>
    </Filter>
    <Filter Include="Resource Files">
      <UniqueIdentifier>{67DA6AB6-F800-4c08-8B7A-83BB121AAD01}</UniqueIdentifier>
      <Extensions>rc;ico;cur;bmp;dlg;rc2;rct;bin;rgs;gif;jpg;jpeg;jpe;resx;tiff;tif;png;wav;mfcribbon-ms</Extensions>
    </Filter>
  </ItemGroup>
  <ItemGroup>
    <ClInclude Include="fontstash.h">
      <Filter>Header Files</Filter>
    </ClInclude>
    <ClInclude Include="stb_truetype.h">
      <Filter>Header Files</Filter>
    </ClInclude>
    <ClInclude Include="shaders.h">
      <Filter>Header Files</Filter>
    </ClInclude>
    <ClInclude Include="core.h">
      <Filter>Header Files</Filter>
    </ClInclude>
    <ClInclude Include="renderer.h">
      <Filter>Header Files</Filter>
    </ClInclude>
    <ClInclude Include="buffers.h">
      <Filter>Header Files</Filter>
    </ClInclude>
    <ClInclude Include="JSON.h">
      <Filter>Header Files</Filter>
    </ClInclude>
    <ClInclude Include="JSONValue.h">
      <Filter>Header Files</Filter>
    </ClInclude>
    <ClInclude Include="lodepng.h">
      <Filter>Header Files</Filter>
    </ClInclude>
    <ClInclude Include="texture.h">
      <Filter>Header Files</Filter>
    </ClInclude>
    <ClInclude Include="transitions.h">
      <Filter>Header Files</Filter>
    </ClInclude>
    <ClInclude Include="renderers\imagerenderer.h">
      <Filter>Header Files</Filter>
    </ClInclude>
    <ClInclude Include="renderers\itemrenderer.h">
      <Filter>Header Files</Filter>
    </ClInclude>
  </ItemGroup>
  <ItemGroup>
    <ClCompile Include="fontstash.cpp">
      <Filter>Source Files</Filter>
    </ClCompile>
    <ClCompile Include="shaders.cpp">
      <Filter>Source Files</Filter>
    </ClCompile>
    <ClCompile Include="renderer.cpp">
      <Filter>Source Files</Filter>
    </ClCompile>
    <ClCompile Include="core.cpp">
      <Filter>Source Files</Filter>
    </ClCompile>
    <ClCompile Include="buffers.cpp">
      <Filter>Source Files</Filter>
    </ClCompile>
    <ClCompile Include="JSON.cpp">
      <Filter>Source Files</Filter>
    </ClCompile>
    <ClCompile Include="JSONValue.cpp">
      <Filter>Source Files</Filter>
    </ClCompile>
    <ClCompile Include="lodepng.cpp">
      <Filter>Source Files</Filter>
    </ClCompile>
    <ClCompile Include="texture.cpp">
      <Filter>Source Files</Filter>
    </ClCompile>
    <ClCompile Include="transitions.cpp">
      <Filter>Source Files</Filter>
    </ClCompile>
    <ClCompile Include="compoviewer.cpp">
      <Filter>Source Files</Filter>
    </ClCompile>
  </ItemGroup>
  <ItemGroup>
    <Font Include="resources\DroidSerif-Regular.ttf" />
    <Font Include="resources\DreamHack Normal.ttf" />
    <Font Include="resources\DreamHack Thin.ttf" />
    <Font Include="resources\DroidSansJapanese.ttf" />
    <Font Include="resources\DroidSerif-Bold.ttf" />
    <Font Include="resources\DroidSerif-Italic.ttf" />
    <Font Include="resources\Eurostile LT Medium.ttf" />
  </ItemGroup>
  <ItemGroup>
    <None Include="resources\test.vert" />
    <None Include="resources\test.frag" />
    <None Include="resources\item_text.vert" />
    <None Include="resources\item_text.frag" />
    <None Include="resources\entries.json" />
    <None Include="resources\test.json" />
    <None Include="resources\item_image.frag" />
    <None Include="resources\transition_test.vert" />
    <None Include="resources\transition_test.frag" />
    <None Include="resources\item_image.vert" />
    <None Include="resources\line.vert" />
    <None Include="resources\line.frag" />
    <None Include="resources\line.geom" />
    <None Include="resources\beamer.frag" />
    <None Include="resources\presentation.frag" />
    <None Include="resources\transition2.frag" />
  </ItemGroup>
</Project>